
Microsoft Visual Studio Solution File, Format Version 12.00
# Visual Studio Version 16
VisualStudioVersion = 16.0.29306.81
MinimumVisualStudioVersion = 10.0.40219.1
Project("{9A19103F-16F7-4668-BE54-9A1E7A4F7556}") = "HW_03_Task1", "HW_03_Task1.csproj", "{FA09FBB3-3632-4786-A681-9F45EC3E25E0}"
EndProject
Project("{FAE04EC0-301F-11D3-BF4B-00C04F79EFBC}") = "HW_03_Task2", "..\HW_03_Task_2\HW_03_Task2.csproj", "{94C2796B-E65D-4E6B-BECA-6018D06EE794}"
EndProject
Project("{FAE04EC0-301F-11D3-BF4B-00C04F79EFBC}") = "HW_03_Task3", "..\HW_03_Task3\HW_03_Task3.csproj", "{808AFDEF-CB76-4B33-9A87-A5A354868896}"
EndProject
Project("{FAE04EC0-301F-11D3-BF4B-00C04F79EFBC}") = "WH_03_Task4", "..\WH_03_Task4\WH_03_Task4.csproj", "{66815899-DC31-4C1F-A148-D3145780FD9E}"
EndProject
Global
	GlobalSection(SolutionConfigurationPlatforms) = preSolution
		Debug|Any CPU = Debug|Any CPU
		Release|Any CPU = Release|Any CPU
	EndGlobalSection
	GlobalSection(ProjectConfigurationPlatforms) = postSolution
		{FA09FBB3-3632-4786-A681-9F45EC3E25E0}.Debug|Any CPU.ActiveCfg = Debug|Any CPU
		{FA09FBB3-3632-4786-A681-9F45EC3E25E0}.Debug|Any CPU.Build.0 = Debug|Any CPU
		{FA09FBB3-3632-4786-A681-9F45EC3E25E0}.Release|Any CPU.ActiveCfg = Release|Any CPU
		{FA09FBB3-3632-4786-A681-9F45EC3E25E0}.Release|Any CPU.Build.0 = Release|Any CPU
		{94C2796B-E65D-4E6B-BECA-6018D06EE794}.Debug|Any CPU.ActiveCfg = Debug|Any CPU
		{94C2796B-E65D-4E6B-BECA-6018D06EE794}.Debug|Any CPU.Build.0 = Debug|Any CPU
		{94C2796B-E65D-4E6B-BECA-6018D06EE794}.Release|Any CPU.ActiveCfg = Release|Any CPU
		{94C2796B-E65D-4E6B-BECA-6018D06EE794}.Release|Any CPU.Build.0 = Release|Any CPU
		{808AFDEF-CB76-4B33-9A87-A5A354868896}.Debug|Any CPU.ActiveCfg = Debug|Any CPU
		{808AFDEF-CB76-4B33-9A87-A5A354868896}.Debug|Any CPU.Build.0 = Debug|Any CPU
		{808AFDEF-CB76-4B33-9A87-A5A354868896}.Release|Any CPU.ActiveCfg = Release|Any CPU
		{808AFDEF-CB76-4B33-9A87-A5A354868896}.Release|Any CPU.Build.0 = Release|Any CPU
		{66815899-DC31-4C1F-A148-D3145780FD9E}.Debug|Any CPU.ActiveCfg = Debug|Any CPU
		{66815899-DC31-4C1F-A148-D3145780FD9E}.Debug|Any CPU.Build.0 = Debug|Any CPU
		{66815899-DC31-4C1F-A148-D3145780FD9E}.Release|Any CPU.ActiveCfg = Release|Any CPU
		{66815899-DC31-4C1F-A148-D3145780FD9E}.Release|Any CPU.Build.0 = Release|Any CPU
	EndGlobalSection
	GlobalSection(SolutionProperties) = preSolution
		HideSolutionNode = FALSE
	EndGlobalSection
	GlobalSection(ExtensibilityGlobals) = postSolution
		SolutionGuid = {7DF75FCD-D5AA-4417-B975-823873591E39}
	EndGlobalSection
EndGlobal
