
Microsoft Visual Studio Solution File, Format Version 12.00
# Visual Studio Version 16
VisualStudioVersion = 16.0.29020.237
MinimumVisualStudioVersion = 10.0.40219.1
Project("{FAE04EC0-301F-11D3-BF4B-00C04F79EFBC}") = "Task1", "Task1\Task1.csproj", "{CFB1FFD7-DC10-4C48-93E9-E5677BADA313}"
EndProject
Global
	GlobalSection(SolutionConfigurationPlatforms) = preSolution
		Debug|Any CPU = Debug|Any CPU
		Release|Any CPU = Release|Any CPU
	EndGlobalSection
	GlobalSection(ProjectConfigurationPlatforms) = postSolution
		{CFB1FFD7-DC10-4C48-93E9-E5677BADA313}.Debug|Any CPU.ActiveCfg = Debug|Any CPU
		{CFB1FFD7-DC10-4C48-93E9-E5677BADA313}.Debug|Any CPU.Build.0 = Debug|Any CPU
		{CFB1FFD7-DC10-4C48-93E9-E5677BADA313}.Release|Any CPU.ActiveCfg = Release|Any CPU
		{CFB1FFD7-DC10-4C48-93E9-E5677BADA313}.Release|Any CPU.Build.0 = Release|Any CPU
	EndGlobalSection
	GlobalSection(SolutionProperties) = preSolution
		HideSolutionNode = FALSE
	EndGlobalSection
	GlobalSection(ExtensibilityGlobals) = postSolution
		SolutionGuid = {598552B1-9C11-40B9-BCC3-B4DABC25F677}
	EndGlobalSection
EndGlobal
